// !$*UTF8*$!
{
	archiveVersion = 1;
	classes = {
	};
	objectVersion = 51;
	objects = {

/* Begin PBXBuildFile section */
		1CB8C80317D6C06CC6218F6A /* Pods_Test_5_6.framework in Frameworks */ = {isa = PBXBuildFile; fileRef = EBCC62FF0DAC21432BA3F2A5 /* Pods_Test_5_6.framework */; };
		867CA8C7231D646B00FC0046 /* AppDelegate.swift in Sources */ = {isa = PBXBuildFile; fileRef = 867CA8C6231D646B00FC0046 /* AppDelegate.swift */; };
		867CA8C9231D646B00FC0046 /* ViewController.swift in Sources */ = {isa = PBXBuildFile; fileRef = 867CA8C8231D646B00FC0046 /* ViewController.swift */; };
		867CA8CC231D646B00FC0046 /* Main.storyboard in Resources */ = {isa = PBXBuildFile; fileRef = 867CA8CA231D646B00FC0046 /* Main.storyboard */; };
		867CA8CE231D646B00FC0046 /* Assets.xcassets in Resources */ = {isa = PBXBuildFile; fileRef = 867CA8CD231D646B00FC0046 /* Assets.xcassets */; };
		867CA8D1231D646B00FC0046 /* LaunchScreen.storyboard in Resources */ = {isa = PBXBuildFile; fileRef = 867CA8CF231D646B00FC0046 /* LaunchScreen.storyboard */; };
		867CA8DC231D646B00FC0046 /* Test_5_6Tests.swift in Sources */ = {isa = PBXBuildFile; fileRef = 867CA8DB231D646B00FC0046 /* Test_5_6Tests.swift */; };
		867CA8E7231D646C00FC0046 /* Test_5_6UITests.swift in Sources */ = {isa = PBXBuildFile; fileRef = 867CA8E6231D646C00FC0046 /* Test_5_6UITests.swift */; };
		867CA8F6231D64A500FC0046 /* TopViewController.swift in Sources */ = {isa = PBXBuildFile; fileRef = 867CA8F4231D64A500FC0046 /* TopViewController.swift */; };
		867CA8F7231D64A500FC0046 /* TopViewController.xib in Resources */ = {isa = PBXBuildFile; fileRef = 867CA8F5231D64A500FC0046 /* TopViewController.xib */; };
		867CA8FA231D64BF00FC0046 /* TopMainView.swift in Sources */ = {isa = PBXBuildFile; fileRef = 867CA8F8231D64BF00FC0046 /* TopMainView.swift */; };
		867CA8FB231D64BF00FC0046 /* TopMainView.xib in Resources */ = {isa = PBXBuildFile; fileRef = 867CA8F9231D64BF00FC0046 /* TopMainView.xib */; };
		867CA8FE231D64E000FC0046 /* TopMainTableViewCell.swift in Sources */ = {isa = PBXBuildFile; fileRef = 867CA8FC231D64E000FC0046 /* TopMainTableViewCell.swift */; };
		867CA8FF231D64E000FC0046 /* TopMainTableViewCell.xib in Resources */ = {isa = PBXBuildFile; fileRef = 867CA8FD231D64E000FC0046 /* TopMainTableViewCell.xib */; };
		AA6E93810A90BB69AC044D96 /* Pods_Test_5_6UITests.framework in Frameworks */ = {isa = PBXBuildFile; fileRef = 3D8D79352C49A92CAE06BCA3 /* Pods_Test_5_6UITests.framework */; };
		C22AABB19939B04899CEBB4B /* Pods_Test_5_6Tests.framework in Frameworks */ = {isa = PBXBuildFile; fileRef = D9CEFE8645CA8058F804FD99 /* Pods_Test_5_6Tests.framework */; };
/* End PBXBuildFile section */

/* Begin PBXContainerItemProxy section */
		867CA8D8231D646B00FC0046 /* PBXContainerItemProxy */ = {
			isa = PBXContainerItemProxy;
			containerPortal = 867CA8BB231D646B00FC0046 /* Project object */;
			proxyType = 1;
			remoteGlobalIDString = 867CA8C2231D646B00FC0046;
			remoteInfo = "Test-5-6";
		};
		867CA8E3231D646C00FC0046 /* PBXContainerItemProxy */ = {
			isa = PBXContainerItemProxy;
			containerPortal = 867CA8BB231D646B00FC0046 /* Project object */;
			proxyType = 1;
			remoteGlobalIDString = 867CA8C2231D646B00FC0046;
			remoteInfo = "Test-5-6";
		};
/* End PBXContainerItemProxy section */

/* Begin PBXFileReference section */
		3D8D79352C49A92CAE06BCA3 /* Pods_Test_5_6UITests.framework */ = {isa = PBXFileReference; explicitFileType = wrapper.framework; includeInIndex = 0; path = Pods_Test_5_6UITests.framework; sourceTree = BUILT_PRODUCTS_DIR; };
		4AAE3BB287CD8F50366D4B3D /* Pods-Test-5-6UITests.release.xcconfig */ = {isa = PBXFileReference; includeInIndex = 1; lastKnownFileType = text.xcconfig; name = "Pods-Test-5-6UITests.release.xcconfig"; path = "Target Support Files/Pods-Test-5-6UITests/Pods-Test-5-6UITests.release.xcconfig"; sourceTree = "<group>"; };
		867CA8C3231D646B00FC0046 /* Test-5-6.app */ = {isa = PBXFileReference; explicitFileType = wrapper.application; includeInIndex = 0; path = "Test-5-6.app"; sourceTree = BUILT_PRODUCTS_DIR; };
		867CA8C6231D646B00FC0046 /* AppDelegate.swift */ = {isa = PBXFileReference; lastKnownFileType = sourcecode.swift; path = AppDelegate.swift; sourceTree = "<group>"; };
		867CA8C8231D646B00FC0046 /* ViewController.swift */ = {isa = PBXFileReference; lastKnownFileType = sourcecode.swift; path = ViewController.swift; sourceTree = "<group>"; };
		867CA8CB231D646B00FC0046 /* Base */ = {isa = PBXFileReference; lastKnownFileType = file.storyboard; name = Base; path = Base.lproj/Main.storyboard; sourceTree = "<group>"; };
		867CA8CD231D646B00FC0046 /* Assets.xcassets */ = {isa = PBXFileReference; lastKnownFileType = folder.assetcatalog; path = Assets.xcassets; sourceTree = "<group>"; };
		867CA8D0231D646B00FC0046 /* Base */ = {isa = PBXFileReference; lastKnownFileType = file.storyboard; name = Base; path = Base.lproj/LaunchScreen.storyboard; sourceTree = "<group>"; };
		867CA8D2231D646B00FC0046 /* Info.plist */ = {isa = PBXFileReference; lastKnownFileType = text.plist.xml; path = Info.plist; sourceTree = "<group>"; };
		867CA8D7231D646B00FC0046 /* Test-5-6Tests.xctest */ = {isa = PBXFileReference; explicitFileType = wrapper.cfbundle; includeInIndex = 0; path = "Test-5-6Tests.xctest"; sourceTree = BUILT_PRODUCTS_DIR; };
		867CA8DB231D646B00FC0046 /* Test_5_6Tests.swift */ = {isa = PBXFileReference; lastKnownFileType = sourcecode.swift; path = Test_5_6Tests.swift; sourceTree = "<group>"; };
		867CA8DD231D646B00FC0046 /* Info.plist */ = {isa = PBXFileReference; lastKnownFileType = text.plist.xml; path = Info.plist; sourceTree = "<group>"; };
		867CA8E2231D646C00FC0046 /* Test-5-6UITests.xctest */ = {isa = PBXFileReference; explicitFileType = wrapper.cfbundle; includeInIndex = 0; path = "Test-5-6UITests.xctest"; sourceTree = BUILT_PRODUCTS_DIR; };
		867CA8E6231D646C00FC0046 /* Test_5_6UITests.swift */ = {isa = PBXFileReference; lastKnownFileType = sourcecode.swift; path = Test_5_6UITests.swift; sourceTree = "<group>"; };
		867CA8E8231D646C00FC0046 /* Info.plist */ = {isa = PBXFileReference; lastKnownFileType = text.plist.xml; path = Info.plist; sourceTree = "<group>"; };
		867CA8F4231D64A500FC0046 /* TopViewController.swift */ = {isa = PBXFileReference; lastKnownFileType = sourcecode.swift; path = TopViewController.swift; sourceTree = "<group>"; };
		867CA8F5231D64A500FC0046 /* TopViewController.xib */ = {isa = PBXFileReference; lastKnownFileType = file.xib; path = TopViewController.xib; sourceTree = "<group>"; };
		867CA8F8231D64BF00FC0046 /* TopMainView.swift */ = {isa = PBXFileReference; lastKnownFileType = sourcecode.swift; path = TopMainView.swift; sourceTree = "<group>"; };
		867CA8F9231D64BF00FC0046 /* TopMainView.xib */ = {isa = PBXFileReference; lastKnownFileType = file.xib; path = TopMainView.xib; sourceTree = "<group>"; };
		867CA8FC231D64E000FC0046 /* TopMainTableViewCell.swift */ = {isa = PBXFileReference; lastKnownFileType = sourcecode.swift; path = TopMainTableViewCell.swift; sourceTree = "<group>"; };
		867CA8FD231D64E000FC0046 /* TopMainTableViewCell.xib */ = {isa = PBXFileReference; lastKnownFileType = file.xib; path = TopMainTableViewCell.xib; sourceTree = "<group>"; };
		98C1E51C46A4B8B357966387 /* Pods-Test-5-6.release.xcconfig */ = {isa = PBXFileReference; includeInIndex = 1; lastKnownFileType = text.xcconfig; name = "Pods-Test-5-6.release.xcconfig"; path = "Target Support Files/Pods-Test-5-6/Pods-Test-5-6.release.xcconfig"; sourceTree = "<group>"; };
		9F2A8F97CEC5E8218B6E7618 /* Pods-Test-5-6Tests.release.xcconfig */ = {isa = PBXFileReference; includeInIndex = 1; lastKnownFileType = text.xcconfig; name = "Pods-Test-5-6Tests.release.xcconfig"; path = "Target Support Files/Pods-Test-5-6Tests/Pods-Test-5-6Tests.release.xcconfig"; sourceTree = "<group>"; };
		CF7B96A9B5F989C4DF0F180D /* Pods-Test-5-6Tests.debug.xcconfig */ = {isa = PBXFileReference; includeInIndex = 1; lastKnownFileType = text.xcconfig; name = "Pods-Test-5-6Tests.debug.xcconfig"; path = "Target Support Files/Pods-Test-5-6Tests/Pods-Test-5-6Tests.debug.xcconfig"; sourceTree = "<group>"; };
		D9CEFE8645CA8058F804FD99 /* Pods_Test_5_6Tests.framework */ = {isa = PBXFileReference; explicitFileType = wrapper.framework; includeInIndex = 0; path = Pods_Test_5_6Tests.framework; sourceTree = BUILT_PRODUCTS_DIR; };
		EBCC62FF0DAC21432BA3F2A5 /* Pods_Test_5_6.framework */ = {isa = PBXFileReference; explicitFileType = wrapper.framework; includeInIndex = 0; path = Pods_Test_5_6.framework; sourceTree = BUILT_PRODUCTS_DIR; };
		F543DB46A651181E2547F2DF /* Pods-Test-5-6.debug.xcconfig */ = {isa = PBXFileReference; includeInIndex = 1; lastKnownFileType = text.xcconfig; name = "Pods-Test-5-6.debug.xcconfig"; path = "Target Support Files/Pods-Test-5-6/Pods-Test-5-6.debug.xcconfig"; sourceTree = "<group>"; };
		F5E984B2AD0EA59783910539 /* Pods-Test-5-6UITests.debug.xcconfig */ = {isa = PBXFileReference; includeInIndex = 1; lastKnownFileType = text.xcconfig; name = "Pods-Test-5-6UITests.debug.xcconfig"; path = "Target Support Files/Pods-Test-5-6UITests/Pods-Test-5-6UITests.debug.xcconfig"; sourceTree = "<group>"; };
/* End PBXFileReference section */

/* Begin PBXFrameworksBuildPhase section */
		867CA8C0231D646B00FC0046 /* Frameworks */ = {
			isa = PBXFrameworksBuildPhase;
			buildActionMask = 2147483647;
			files = (
				1CB8C80317D6C06CC6218F6A /* Pods_Test_5_6.framework in Frameworks */,
			);
			runOnlyForDeploymentPostprocessing = 0;
		};
		867CA8D4231D646B00FC0046 /* Frameworks */ = {
			isa = PBXFrameworksBuildPhase;
			buildActionMask = 2147483647;
			files = (
				C22AABB19939B04899CEBB4B /* Pods_Test_5_6Tests.framework in Frameworks */,
			);
			runOnlyForDeploymentPostprocessing = 0;
		};
		867CA8DF231D646C00FC0046 /* Frameworks */ = {
			isa = PBXFrameworksBuildPhase;
			buildActionMask = 2147483647;
			files = (
				AA6E93810A90BB69AC044D96 /* Pods_Test_5_6UITests.framework in Frameworks */,
			);
			runOnlyForDeploymentPostprocessing = 0;
		};
/* End PBXFrameworksBuildPhase section */

/* Begin PBXGroup section */
		13225CF5154321A3E3546D0B /* Frameworks */ = {
			isa = PBXGroup;
			children = (
				EBCC62FF0DAC21432BA3F2A5 /* Pods_Test_5_6.framework */,
				D9CEFE8645CA8058F804FD99 /* Pods_Test_5_6Tests.framework */,
				3D8D79352C49A92CAE06BCA3 /* Pods_Test_5_6UITests.framework */,
			);
			name = Frameworks;
			sourceTree = "<group>";
		};
		748264BDAB5F9E5F105C1B7B /* Pods */ = {
			isa = PBXGroup;
			children = (
				F543DB46A651181E2547F2DF /* Pods-Test-5-6.debug.xcconfig */,
				98C1E51C46A4B8B357966387 /* Pods-Test-5-6.release.xcconfig */,
				CF7B96A9B5F989C4DF0F180D /* Pods-Test-5-6Tests.debug.xcconfig */,
				9F2A8F97CEC5E8218B6E7618 /* Pods-Test-5-6Tests.release.xcconfig */,
				F5E984B2AD0EA59783910539 /* Pods-Test-5-6UITests.debug.xcconfig */,
				4AAE3BB287CD8F50366D4B3D /* Pods-Test-5-6UITests.release.xcconfig */,
			);
			path = Pods;
			sourceTree = "<group>";
		};
		867CA8BA231D646B00FC0046 = {
			isa = PBXGroup;
			children = (
				867CA8C5231D646B00FC0046 /* Test-5-6 */,
				867CA8DA231D646B00FC0046 /* Test-5-6Tests */,
				867CA8E5231D646C00FC0046 /* Test-5-6UITests */,
				867CA8C4231D646B00FC0046 /* Products */,
				748264BDAB5F9E5F105C1B7B /* Pods */,
				13225CF5154321A3E3546D0B /* Frameworks */,
			);
			sourceTree = "<group>";
		};
		867CA8C4231D646B00FC0046 /* Products */ = {
			isa = PBXGroup;
			children = (
				867CA8C3231D646B00FC0046 /* Test-5-6.app */,
				867CA8D7231D646B00FC0046 /* Test-5-6Tests.xctest */,
				867CA8E2231D646C00FC0046 /* Test-5-6UITests.xctest */,
			);
			name = Products;
			sourceTree = "<group>";
		};
		867CA8C5231D646B00FC0046 /* Test-5-6 */ = {
			isa = PBXGroup;
			children = (
				867CA8C6231D646B00FC0046 /* AppDelegate.swift */,
				867CA8C8231D646B00FC0046 /* ViewController.swift */,
				867CA8CA231D646B00FC0046 /* Main.storyboard */,
				867CA8CD231D646B00FC0046 /* Assets.xcassets */,
				867CA8CF231D646B00FC0046 /* LaunchScreen.storyboard */,
				867CA8D2231D646B00FC0046 /* Info.plist */,
				867CA8F4231D64A500FC0046 /* TopViewController.swift */,
				867CA8F5231D64A500FC0046 /* TopViewController.xib */,
				867CA8F8231D64BF00FC0046 /* TopMainView.swift */,
				867CA8F9231D64BF00FC0046 /* TopMainView.xib */,
				867CA8FC231D64E000FC0046 /* TopMainTableViewCell.swift */,
				867CA8FD231D64E000FC0046 /* TopMainTableViewCell.xib */,
			);
			path = "Test-5-6";
			sourceTree = "<group>";
		};
		867CA8DA231D646B00FC0046 /* Test-5-6Tests */ = {
			isa = PBXGroup;
			children = (
				867CA8DB231D646B00FC0046 /* Test_5_6Tests.swift */,
				867CA8DD231D646B00FC0046 /* Info.plist */,
			);
			path = "Test-5-6Tests";
			sourceTree = "<group>";
		};
		867CA8E5231D646C00FC0046 /* Test-5-6UITests */ = {
			isa = PBXGroup;
			children = (
				867CA8E6231D646C00FC0046 /* Test_5_6UITests.swift */,
				867CA8E8231D646C00FC0046 /* Info.plist */,
			);
			path = "Test-5-6UITests";
			sourceTree = "<group>";
		};
/* End PBXGroup section */

/* Begin PBXNativeTarget section */
		867CA8C2231D646B00FC0046 /* Test-5-6 */ = {
			isa = PBXNativeTarget;
			buildConfigurationList = 867CA8EB231D646C00FC0046 /* Build configuration list for PBXNativeTarget "Test-5-6" */;
			buildPhases = (
				8D3645C341425AAD7677CB98 /* [CP] Check Pods Manifest.lock */,
				867CA8BF231D646B00FC0046 /* Sources */,
				867CA8C0231D646B00FC0046 /* Frameworks */,
				867CA8C1231D646B00FC0046 /* Resources */,
				C2CE33AC6FC2C809FE8B06AD /* [CP] Embed Pods Frameworks */,
			);
			buildRules = (
			);
			dependencies = (
			);
			name = "Test-5-6";
			productName = "Test-5-6";
			productReference = 867CA8C3231D646B00FC0046 /* Test-5-6.app */;
			productType = "com.apple.product-type.application";
		};
		867CA8D6231D646B00FC0046 /* Test-5-6Tests */ = {
			isa = PBXNativeTarget;
			buildConfigurationList = 867CA8EE231D646C00FC0046 /* Build configuration list for PBXNativeTarget "Test-5-6Tests" */;
			buildPhases = (
				C4606569FB90FCDCD05B5D37 /* [CP] Check Pods Manifest.lock */,
				867CA8D3231D646B00FC0046 /* Sources */,
				867CA8D4231D646B00FC0046 /* Frameworks */,
				867CA8D5231D646B00FC0046 /* Resources */,
			);
			buildRules = (
			);
			dependencies = (
				867CA8D9231D646B00FC0046 /* PBXTargetDependency */,
			);
			name = "Test-5-6Tests";
			productName = "Test-5-6Tests";
			productReference = 867CA8D7231D646B00FC0046 /* Test-5-6Tests.xctest */;
			productType = "com.apple.product-type.bundle.unit-test";
		};
		867CA8E1231D646C00FC0046 /* Test-5-6UITests */ = {
			isa = PBXNativeTarget;
			buildConfigurationList = 867CA8F1231D646C00FC0046 /* Build configuration list for PBXNativeTarget "Test-5-6UITests" */;
			buildPhases = (
				724BB7A77231ECEC111F222B /* [CP] Check Pods Manifest.lock */,
				867CA8DE231D646C00FC0046 /* Sources */,
				867CA8DF231D646C00FC0046 /* Frameworks */,
				867CA8E0231D646C00FC0046 /* Resources */,
			);
			buildRules = (
			);
			dependencies = (
				867CA8E4231D646C00FC0046 /* PBXTargetDependency */,
			);
			name = "Test-5-6UITests";
			productName = "Test-5-6UITests";
			productReference = 867CA8E2231D646C00FC0046 /* Test-5-6UITests.xctest */;
			productType = "com.apple.product-type.bundle.ui-testing";
		};
/* End PBXNativeTarget section */

/* Begin PBXProject section */
		867CA8BB231D646B00FC0046 /* Project object */ = {
			isa = PBXProject;
			attributes = {
				LastSwiftUpdateCheck = 1030;
				LastUpgradeCheck = 1030;
				ORGANIZATIONNAME = "多可楽";
				TargetAttributes = {
					867CA8C2231D646B00FC0046 = {
						CreatedOnToolsVersion = 10.3;
					};
					867CA8D6231D646B00FC0046 = {
						CreatedOnToolsVersion = 10.3;
						TestTargetID = 867CA8C2231D646B00FC0046;
					};
					867CA8E1231D646C00FC0046 = {
						CreatedOnToolsVersion = 10.3;
						TestTargetID = 867CA8C2231D646B00FC0046;
					};
				};
			};
			buildConfigurationList = 867CA8BE231D646B00FC0046 /* Build configuration list for PBXProject "Test-5-6" */;
			compatibilityVersion = "Xcode 9.3";
			developmentRegion = en;
			hasScannedForEncodings = 0;
			knownRegions = (
				en,
				Base,
			);
			mainGroup = 867CA8BA231D646B00FC0046;
			productRefGroup = 867CA8C4231D646B00FC0046 /* Products */;
			projectDirPath = "";
			projectRoot = "";
			targets = (
				867CA8C2231D646B00FC0046 /* Test-5-6 */,
				867CA8D6231D646B00FC0046 /* Test-5-6Tests */,
				867CA8E1231D646C00FC0046 /* Test-5-6UITests */,
			);
		};
/* End PBXProject section */

/* Begin PBXResourcesBuildPhase section */
		867CA8C1231D646B00FC0046 /* Resources */ = {
			isa = PBXResourcesBuildPhase;
			buildActionMask = 2147483647;
			files = (
				867CA8FB231D64BF00FC0046 /* TopMainView.xib in Resources */,
				867CA8F7231D64A500FC0046 /* TopViewController.xib in Resources */,
				867CA8D1231D646B00FC0046 /* LaunchScreen.storyboard in Resources */,
				867CA8CE231D646B00FC0046 /* Assets.xcassets in Resources */,
				867CA8FF231D64E000FC0046 /* TopMainTableViewCell.xib in Resources */,
				867CA8CC231D646B00FC0046 /* Main.storyboard in Resources */,
			);
			runOnlyForDeploymentPostprocessing = 0;
		};
		867CA8D5231D646B00FC0046 /* Resources */ = {
			isa = PBXResourcesBuildPhase;
			buildActionMask = 2147483647;
			files = (
			);
			runOnlyForDeploymentPostprocessing = 0;
		};
		867CA8E0231D646C00FC0046 /* Resources */ = {
			isa = PBXResourcesBuildPhase;
			buildActionMask = 2147483647;
			files = (
			);
			runOnlyForDeploymentPostprocessing = 0;
		};
/* End PBXResourcesBuildPhase section */

/* Begin PBXShellScriptBuildPhase section */
		724BB7A77231ECEC111F222B /* [CP] Check Pods Manifest.lock */ = {
			isa = PBXShellScriptBuildPhase;
			buildActionMask = 2147483647;
			files = (
			);
			inputFileListPaths = (
			);
			inputPaths = (
				"${PODS_PODFILE_DIR_PATH}/Podfile.lock",
				"${PODS_ROOT}/Manifest.lock",
			);
			name = "[CP] Check Pods Manifest.lock";
			outputFileListPaths = (
			);
			outputPaths = (
				"$(DERIVED_FILE_DIR)/Pods-Test-5-6UITests-checkManifestLockResult.txt",
			);
			runOnlyForDeploymentPostprocessing = 0;
			shellPath = /bin/sh;
			shellScript = "diff \"${PODS_PODFILE_DIR_PATH}/Podfile.lock\" \"${PODS_ROOT}/Manifest.lock\" > /dev/null\nif [ $? != 0 ] ; then\n    # print error to STDERR\n    echo \"error: The sandbox is not in sync with the Podfile.lock. Run 'pod install' or update your CocoaPods installation.\" >&2\n    exit 1\nfi\n# This output is used by Xcode 'outputs' to avoid re-running this script phase.\necho \"SUCCESS\" > \"${SCRIPT_OUTPUT_FILE_0}\"\n";
			showEnvVarsInLog = 0;
		};
		8D3645C341425AAD7677CB98 /* [CP] Check Pods Manifest.lock */ = {
			isa = PBXShellScriptBuildPhase;
			buildActionMask = 2147483647;
			files = (
			);
			inputFileListPaths = (
			);
			inputPaths = (
				"${PODS_PODFILE_DIR_PATH}/Podfile.lock",
				"${PODS_ROOT}/Manifest.lock",
			);
			name = "[CP] Check Pods Manifest.lock";
			outputFileListPaths = (
			);
			outputPaths = (
				"$(DERIVED_FILE_DIR)/Pods-Test-5-6-checkManifestLockResult.txt",
			);
			runOnlyForDeploymentPostprocessing = 0;
			shellPath = /bin/sh;
			shellScript = "diff \"${PODS_PODFILE_DIR_PATH}/Podfile.lock\" \"${PODS_ROOT}/Manifest.lock\" > /dev/null\nif [ $? != 0 ] ; then\n    # print error to STDERR\n    echo \"error: The sandbox is not in sync with the Podfile.lock. Run 'pod install' or update your CocoaPods installation.\" >&2\n    exit 1\nfi\n# This output is used by Xcode 'outputs' to avoid re-running this script phase.\necho \"SUCCESS\" > \"${SCRIPT_OUTPUT_FILE_0}\"\n";
			showEnvVarsInLog = 0;
		};
		C2CE33AC6FC2C809FE8B06AD /* [CP] Embed Pods Frameworks */ = {
			isa = PBXShellScriptBuildPhase;
			buildActionMask = 2147483647;
			files = (
			);
			inputFileListPaths = (
				"${PODS_ROOT}/Target Support Files/Pods-Test-5-6/Pods-Test-5-6-frameworks-${CONFIGURATION}-input-files.xcfilelist",
			);
			name = "[CP] Embed Pods Frameworks";
			outputFileListPaths = (
				"${PODS_ROOT}/Target Support Files/Pods-Test-5-6/Pods-Test-5-6-frameworks-${CONFIGURATION}-output-files.xcfilelist",
			);
			runOnlyForDeploymentPostprocessing = 0;
			shellPath = /bin/sh;
			shellScript = "\"${PODS_ROOT}/Target Support Files/Pods-Test-5-6/Pods-Test-5-6-frameworks.sh\"\n";
			showEnvVarsInLog = 0;
		};
		C4606569FB90FCDCD05B5D37 /* [CP] Check Pods Manifest.lock */ = {
			isa = PBXShellScriptBuildPhase;
			buildActionMask = 2147483647;
			files = (
			);
			inputFileListPaths = (
			);
			inputPaths = (
				"${PODS_PODFILE_DIR_PATH}/Podfile.lock",
				"${PODS_ROOT}/Manifest.lock",
			);
			name = "[CP] Check Pods Manifest.lock";
			outputFileListPaths = (
			);
			outputPaths = (
				"$(DERIVED_FILE_DIR)/Pods-Test-5-6Tests-checkManifestLockResult.txt",
			);
			runOnlyForDeploymentPostprocessing = 0;
			shellPath = /bin/sh;
			shellScript = "diff \"${PODS_PODFILE_DIR_PATH}/Podfile.lock\" \"${PODS_ROOT}/Manifest.lock\" > /dev/null\nif [ $? != 0 ] ; then\n    # print error to STDERR\n    echo \"error: The sandbox is not in sync with the Podfile.lock. Run 'pod install' or update your CocoaPods installation.\" >&2\n    exit 1\nfi\n# This output is used by Xcode 'outputs' to avoid re-running this script phase.\necho \"SUCCESS\" > \"${SCRIPT_OUTPUT_FILE_0}\"\n";
			showEnvVarsInLog = 0;
		};
/* End PBXShellScriptBuildPhase section */

/* Begin PBXSourcesBuildPhase section */
		867CA8BF231D646B00FC0046 /* Sources */ = {
			isa = PBXSourcesBuildPhase;
			buildActionMask = 2147483647;
			files = (
				867CA8FE231D64E000FC0046 /* TopMainTableViewCell.swift in Sources */,
				867CA8F6231D64A500FC0046 /* TopViewController.swift in Sources */,
				867CA8C9231D646B00FC0046 /* ViewController.swift in Sources */,
				867CA8C7231D646B00FC0046 /* AppDelegate.swift in Sources */,
				867CA8FA231D64BF00FC0046 /* TopMainView.swift in Sources */,
			);
			runOnlyForDeploymentPostprocessing = 0;
		};
		867CA8D3231D646B00FC0046 /* Sources */ = {
			isa = PBXSourcesBuildPhase;
			buildActionMask = 2147483647;
			files = (
				867CA8DC231D646B00FC0046 /* Test_5_6Tests.swift in Sources */,
			);
			runOnlyForDeploymentPostprocessing = 0;
		};
		867CA8DE231D646C00FC0046 /* Sources */ = {
			isa = PBXSourcesBuildPhase;
			buildActionMask = 2147483647;
			files = (
				867CA8E7231D646C00FC0046 /* Test_5_6UITests.swift in Sources */,
			);
			runOnlyForDeploymentPostprocessing = 0;
		};
/* End PBXSourcesBuildPhase section */

/* Begin PBXTargetDependency section */
		867CA8D9231D646B00FC0046 /* PBXTargetDependency */ = {
			isa = PBXTargetDependency;
			target = 867CA8C2231D646B00FC0046 /* Test-5-6 */;
			targetProxy = 867CA8D8231D646B00FC0046 /* PBXContainerItemProxy */;
		};
		867CA8E4231D646C00FC0046 /* PBXTargetDependency */ = {
			isa = PBXTargetDependency;
			target = 867CA8C2231D646B00FC0046 /* Test-5-6 */;
			targetProxy = 867CA8E3231D646C00FC0046 /* PBXContainerItemProxy */;
		};
/* End PBXTargetDependency section */

/* Begin PBXVariantGroup section */
		867CA8CA231D646B00FC0046 /* Main.storyboard */ = {
			isa = PBXVariantGroup;
			children = (
				867CA8CB231D646B00FC0046 /* Base */,
			);
			name = Main.storyboard;
			sourceTree = "<group>";
		};
		867CA8CF231D646B00FC0046 /* LaunchScreen.storyboard */ = {
			isa = PBXVariantGroup;
			children = (
				867CA8D0231D646B00FC0046 /* Base */,
			);
			name = LaunchScreen.storyboard;
			sourceTree = "<group>";
		};
/* End PBXVariantGroup section */

/* Begin XCBuildConfiguration section */
		867CA8E9231D646C00FC0046 /* Debug */ = {
			isa = XCBuildConfiguration;
			buildSettings = {
				ALWAYS_SEARCH_USER_PATHS = NO;
				CLANG_ANALYZER_NONNULL = YES;
				CLANG_ANALYZER_NUMBER_OBJECT_CONVERSION = YES_AGGRESSIVE;
				CLANG_CXX_LANGUAGE_STANDARD = "gnu++14";
				CLANG_CXX_LIBRARY = "libc++";
				CLANG_ENABLE_MODULES = YES;
				CLANG_ENABLE_OBJC_ARC = YES;
				CLANG_ENABLE_OBJC_WEAK = YES;
				CLANG_WARN_BLOCK_CAPTURE_AUTORELEASING = YES;
				CLANG_WARN_BOOL_CONVERSION = YES;
				CLANG_WARN_COMMA = YES;
				CLANG_WARN_CONSTANT_CONVERSION = YES;
				CLANG_WARN_DEPRECATED_OBJC_IMPLEMENTATIONS = YES;
				CLANG_WARN_DIRECT_OBJC_ISA_USAGE = YES_ERROR;
				CLANG_WARN_DOCUMENTATION_COMMENTS = YES;
				CLANG_WARN_EMPTY_BODY = YES;
				CLANG_WARN_ENUM_CONVERSION = YES;
				CLANG_WARN_INFINITE_RECURSION = YES;
				CLANG_WARN_INT_CONVERSION = YES;
				CLANG_WARN_NON_LITERAL_NULL_CONVERSION = YES;
				CLANG_WARN_OBJC_IMPLICIT_RETAIN_SELF = YES;
				CLANG_WARN_OBJC_LITERAL_CONVERSION = YES;
				CLANG_WARN_OBJC_ROOT_CLASS = YES_ERROR;
				CLANG_WARN_RANGE_LOOP_ANALYSIS = YES;
				CLANG_WARN_STRICT_PROTOTYPES = YES;
				CLANG_WARN_SUSPICIOUS_MOVE = YES;
				CLANG_WARN_UNGUARDED_AVAILABILITY = YES_AGGRESSIVE;
				CLANG_WARN_UNREACHABLE_CODE = YES;
				CLANG_WARN__DUPLICATE_METHOD_MATCH = YES;
				CODE_SIGN_IDENTITY = "iPhone Developer";
				COPY_PHASE_STRIP = NO;
				DEBUG_INFORMATION_FORMAT = dwarf;
				ENABLE_STRICT_OBJC_MSGSEND = YES;
				ENABLE_TESTABILITY = YES;
				GCC_C_LANGUAGE_STANDARD = gnu11;
				GCC_DYNAMIC_NO_PIC = NO;
				GCC_NO_COMMON_BLOCKS = YES;
				GCC_OPTIMIZATION_LEVEL = 0;
				GCC_PREPROCESSOR_DEFINITIONS = (
					"DEBUG=1",
					"$(inherited)",
				);
				GCC_WARN_64_TO_32_BIT_CONVERSION = YES;
				GCC_WARN_ABOUT_RETURN_TYPE = YES_ERROR;
				GCC_WARN_UNDECLARED_SELECTOR = YES;
				GCC_WARN_UNINITIALIZED_AUTOS = YES_AGGRESSIVE;
				GCC_WARN_UNUSED_FUNCTION = YES;
				GCC_WARN_UNUSED_VARIABLE = YES;
				IPHONEOS_DEPLOYMENT_TARGET = 12.4;
				MTL_ENABLE_DEBUG_INFO = INCLUDE_SOURCE;
				MTL_FAST_MATH = YES;
				ONLY_ACTIVE_ARCH = YES;
				SDKROOT = iphoneos;
				SWIFT_ACTIVE_COMPILATION_CONDITIONS = DEBUG;
				SWIFT_OPTIMIZATION_LEVEL = "-Onone";
			};
			name = Debug;
		};
		867CA8EA231D646C00FC0046 /* Release */ = {
			isa = XCBuildConfiguration;
			buildSettings = {
				ALWAYS_SEARCH_USER_PATHS = NO;
				CLANG_ANALYZER_NONNULL = YES;
				CLANG_ANALYZER_NUMBER_OBJECT_CONVERSION = YES_AGGRESSIVE;
				CLANG_CXX_LANGUAGE_STANDARD = "gnu++14";
				CLANG_CXX_LIBRARY = "libc++";
				CLANG_ENABLE_MODULES = YES;
				CLANG_ENABLE_OBJC_ARC = YES;
				CLANG_ENABLE_OBJC_WEAK = YES;
				CLANG_WARN_BLOCK_CAPTURE_AUTORELEASING = YES;
				CLANG_WARN_BOOL_CONVERSION = YES;
				CLANG_WARN_COMMA = YES;
				CLANG_WARN_CONSTANT_CONVERSION = YES;
				CLANG_WARN_DEPRECATED_OBJC_IMPLEMENTATIONS = YES;
				CLANG_WARN_DIRECT_OBJC_ISA_USAGE = YES_ERROR;
				CLANG_WARN_DOCUMENTATION_COMMENTS = YES;
				CLANG_WARN_EMPTY_BODY = YES;
				CLANG_WARN_ENUM_CONVERSION = YES;
				CLANG_WARN_INFINITE_RECURSION = YES;
				CLANG_WARN_INT_CONVERSION = YES;
				CLANG_WARN_NON_LITERAL_NULL_CONVERSION = YES;
				CLANG_WARN_OBJC_IMPLICIT_RETAIN_SELF = YES;
				CLANG_WARN_OBJC_LITERAL_CONVERSION = YES;
				CLANG_WARN_OBJC_ROOT_CLASS = YES_ERROR;
				CLANG_WARN_RANGE_LOOP_ANALYSIS = YES;
				CLANG_WARN_STRICT_PROTOTYPES = YES;
				CLANG_WARN_SUSPICIOUS_MOVE = YES;
				CLANG_WARN_UNGUARDED_AVAILABILITY = YES_AGGRESSIVE;
				CLANG_WARN_UNREACHABLE_CODE = YES;
				CLANG_WARN__DUPLICATE_METHOD_MATCH = YES;
				CODE_SIGN_IDENTITY = "iPhone Developer";
				COPY_PHASE_STRIP = NO;
				DEBUG_INFORMATION_FORMAT = "dwarf-with-dsym";
				ENABLE_NS_ASSERTIONS = NO;
				ENABLE_STRICT_OBJC_MSGSEND = YES;
				GCC_C_LANGUAGE_STANDARD = gnu11;
				GCC_NO_COMMON_BLOCKS = YES;
				GCC_WARN_64_TO_32_BIT_CONVERSION = YES;
				GCC_WARN_ABOUT_RETURN_TYPE = YES_ERROR;
				GCC_WARN_UNDECLARED_SELECTOR = YES;
				GCC_WARN_UNINITIALIZED_AUTOS = YES_AGGRESSIVE;
				GCC_WARN_UNUSED_FUNCTION = YES;
				GCC_WARN_UNUSED_VARIABLE = YES;
				IPHONEOS_DEPLOYMENT_TARGET = 12.4;
				MTL_ENABLE_DEBUG_INFO = NO;
				MTL_FAST_MATH = YES;
				SDKROOT = iphoneos;
				SWIFT_COMPILATION_MODE = wholemodule;
				SWIFT_OPTIMIZATION_LEVEL = "-O";
				VALIDATE_PRODUCT = YES;
			};
			name = Release;
		};
		867CA8EC231D646C00FC0046 /* Debug */ = {
			isa = XCBuildConfiguration;
			baseConfigurationReference = F543DB46A651181E2547F2DF /* Pods-Test-5-6.debug.xcconfig */;
			buildSettings = {
				ASSETCATALOG_COMPILER_APPICON_NAME = AppIcon;
				CODE_SIGN_STYLE = Automatic;
				INFOPLIST_FILE = "Test-5-6/Info.plist";
				LD_RUNPATH_SEARCH_PATHS = (
					"$(inherited)",
					"@executable_path/Frameworks",
				);
				PRODUCT_BUNDLE_IDENTIFIER = "aaaa.Test-5-6";
				PRODUCT_NAME = "$(TARGET_NAME)";
				SWIFT_VERSION = 5.0;
				TARGETED_DEVICE_FAMILY = "1,2";
			};
			name = Debug;
		};
		867CA8ED231D646C00FC0046 /* Release */ = {
			isa = XCBuildConfiguration;
			baseConfigurationReference = 98C1E51C46A4B8B357966387 /* Pods-Test-5-6.release.xcconfig */;
			buildSettings = {
				ASSETCATALOG_COMPILER_APPICON_NAME = AppIcon;
				CODE_SIGN_STYLE = Automatic;
				INFOPLIST_FILE = "Test-5-6/Info.plist";
				LD_RUNPATH_SEARCH_PATHS = (
					"$(inherited)",
					"@executable_path/Frameworks",
				);
				PRODUCT_BUNDLE_IDENTIFIER = "aaaa.Test-5-6";
				PRODUCT_NAME = "$(TARGET_NAME)";
				SWIFT_VERSION = 5.0;
				TARGETED_DEVICE_FAMILY = "1,2";
			};
			name = Release;
		};
		867CA8EF231D646C00FC0046 /* Debug */ = {
			isa = XCBuildConfiguration;
			baseConfigurationReference = CF7B96A9B5F989C4DF0F180D /* Pods-Test-5-6Tests.debug.xcconfig */;
			buildSettings = {
				ALWAYS_EMBED_SWIFT_STANDARD_LIBRARIES = YES;
				BUNDLE_LOADER = "$(TEST_HOST)";
				CODE_SIGN_STYLE = Automatic;
				INFOPLIST_FILE = "Test-5-6Tests/Info.plist";
				LD_RUNPATH_SEARCH_PATHS = (
					"$(inherited)",
					"@executable_path/Frameworks",
					"@loader_path/Frameworks",
				);
				PRODUCT_BUNDLE_IDENTIFIER = "aaaa.Test-5-6Tests";
				PRODUCT_NAME = "$(TARGET_NAME)";
				SWIFT_VERSION = 5.0;
				TARGETED_DEVICE_FAMILY = "1,2";
				TEST_HOST = "$(BUILT_PRODUCTS_DIR)/Test-5-6.app/Test-5-6";
			};
			name = Debug;
		};
		867CA8F0231D646C00FC0046 /* Release */ = {
			isa = XCBuildConfiguration;
			baseConfigurationReference = 9F2A8F97CEC5E8218B6E7618 /* Pods-Test-5-6Tests.release.xcconfig */;
			buildSettings = {
				ALWAYS_EMBED_SWIFT_STANDARD_LIBRARIES = YES;
				BUNDLE_LOADER = "$(TEST_HOST)";
				CODE_SIGN_STYLE = Automatic;
				INFOPLIST_FILE = "Test-5-6Tests/Info.plist";
				LD_RUNPATH_SEARCH_PATHS = (
					"$(inherited)",
					"@executable_path/Frameworks",
					"@loader_path/Frameworks",
				);
				PRODUCT_BUNDLE_IDENTIFIER = "aaaa.Test-5-6Tests";
				PRODUCT_NAME = "$(TARGET_NAME)";
				SWIFT_VERSION = 5.0;
				TARGETED_DEVICE_FAMILY = "1,2";
				TEST_HOST = "$(BUILT_PRODUCTS_DIR)/Test-5-6.app/Test-5-6";
			};
			name = Release;
		};
		867CA8F2231D646C00FC0046 /* Debug */ = {
			isa = XCBuildConfiguration;
			baseConfigurationReference = F5E984B2AD0EA59783910539 /* Pods-Test-5-6UITests.debug.xcconfig */;
			buildSettings = {
				ALWAYS_EMBED_SWIFT_STANDARD_LIBRARIES = YES;
				CODE_SIGN_STYLE = Automatic;
				INFOPLIST_FILE = "Test-5-6UITests/Info.plist";
				LD_RUNPATH_SEARCH_PATHS = (
					"$(inherited)",
					"@executable_path/Frameworks",
					"@loader_path/Frameworks",
				);
				PRODUCT_BUNDLE_IDENTIFIER = "aaaa.Test-5-6UITests";
				PRODUCT_NAME = "$(TARGET_NAME)";
				SWIFT_VERSION = 5.0;
				TARGETED_DEVICE_FAMILY = "1,2";
				TEST_TARGET_NAME = "Test-5-6";
			};
			name = Debug;
		};
		867CA8F3231D646C00FC0046 /* Release */ = {
			isa = XCBuildConfiguration;
			baseConfigurationReference = 4AAE3BB287CD8F50366D4B3D /* Pods-Test-5-6UITests.release.xcconfig */;
			buildSettings = {
				ALWAYS_EMBED_SWIFT_STANDARD_LIBRARIES = YES;
				CODE_SIGN_STYLE = Automatic;
				INFOPLIST_FILE = "Test-5-6UITests/Info.plist";
				LD_RUNPATH_SEARCH_PATHS = (
					"$(inherited)",
					"@executable_path/Frameworks",
					"@loader_path/Frameworks",
				);
				PRODUCT_BUNDLE_IDENTIFIER = "aaaa.Test-5-6UITests";
				PRODUCT_NAME = "$(TARGET_NAME)";
				SWIFT_VERSION = 5.0;
				TARGETED_DEVICE_FAMILY = "1,2";
				TEST_TARGET_NAME = "Test-5-6";
			};
			name = Release;
		};
/* End XCBuildConfiguration section */

/* Begin XCConfigurationList section */
		867CA8BE231D646B00FC0046 /* Build configuration list for PBXProject "Test-5-6" */ = {
			isa = XCConfigurationList;
			buildConfigurations = (
				867CA8E9231D646C00FC0046 /* Debug */,
				867CA8EA231D646C00FC0046 /* Release */,
			);
			defaultConfigurationIsVisible = 0;
			defaultConfigurationName = Release;
		};
		867CA8EB231D646C00FC0046 /* Build configuration list for PBXNativeTarget "Test-5-6" */ = {
			isa = XCConfigurationList;
			buildConfigurations = (
				867CA8EC231D646C00FC0046 /* Debug */,
				867CA8ED231D646C00FC0046 /* Release */,
			);
			defaultConfigurationIsVisible = 0;
			defaultConfigurationName = Release;
		};
		867CA8EE231D646C00FC0046 /* Build configuration list for PBXNativeTarget "Test-5-6Tests" */ = {
			isa = XCConfigurationList;
			buildConfigurations = (
				867CA8EF231D646C00FC0046 /* Debug */,
				867CA8F0231D646C00FC0046 /* Release */,
			);
			defaultConfigurationIsVisible = 0;
			defaultConfigurationName = Release;
		};
		867CA8F1231D646C00FC0046 /* Build configuration list for PBXNativeTarget "Test-5-6UITests" */ = {
			isa = XCConfigurationList;
			buildConfigurations = (
				867CA8F2231D646C00FC0046 /* Debug */,
				867CA8F3231D646C00FC0046 /* Release */,
			);
			defaultConfigurationIsVisible = 0;
			defaultConfigurationName = Release;
		};
/* End XCConfigurationList section */
	};
	rootObject = 867CA8BB231D646B00FC0046 /* Project object */;
}
